// !$*UTF8*$!
{
	archiveVersion = 1;
	classes = {
	};
	objectVersion = 56;
	objects = {

/* Begin PBXBuildFile section */
		3F90EFAC2B909E8600AC8387 /* CapoEducaApp.swift in Sources */ = {isa = PBXBuildFile; fileRef = 3F90EFAB2B909E8600AC8387 /* CapoEducaApp.swift */; };
		3F90EFAE2B909E8600AC8387 /* ContentView.swift in Sources */ = {isa = PBXBuildFile; fileRef = 3F90EFAD2B909E8600AC8387 /* ContentView.swift */; };
		3F90EFB02B909E8700AC8387 /* Assets.xcassets in Resources */ = {isa = PBXBuildFile; fileRef = 3F90EFAF2B909E8700AC8387 /* Assets.xcassets */; };
		3F90EFB32B909E8700AC8387 /* Preview Assets.xcassets in Resources */ = {isa = PBXBuildFile; fileRef = 3F90EFB22B909E8700AC8387 /* Preview Assets.xcassets */; };
		3F90EFBF2B909F4D00AC8387 /* CapoeiraMove.swift in Sources */ = {isa = PBXBuildFile; fileRef = 3F90EFBE2B909F4D00AC8387 /* CapoeiraMove.swift */; };
		3F90EFC12B909F5E00AC8387 /* Instrument.swift in Sources */ = {isa = PBXBuildFile; fileRef = 3F90EFC02B909F5E00AC8387 /* Instrument.swift */; };
		3F90EFC32B909F7600AC8387 /* Movement.swift in Sources */ = {isa = PBXBuildFile; fileRef = 3F90EFC22B909F7600AC8387 /* Movement.swift */; };
		3F90EFC52B909FB000AC8387 /* Color.swift in Sources */ = {isa = PBXBuildFile; fileRef = 3F90EFC42B909FB000AC8387 /* Color.swift */; };
		3F90EFC72B909FCA00AC8387 /* GlobalAudioManager.swift in Sources */ = {isa = PBXBuildFile; fileRef = 3F90EFC62B909FCA00AC8387 /* GlobalAudioManager.swift */; };
		3F90EFC92B909FED00AC8387 /* AnimationViewModel.swift in Sources */ = {isa = PBXBuildFile; fileRef = 3F90EFC82B909FED00AC8387 /* AnimationViewModel.swift */; };
		3F90EFCB2B90A01E00AC8387 /* ExplanationViewModel.swift in Sources */ = {isa = PBXBuildFile; fileRef = 3F90EFCA2B90A01E00AC8387 /* ExplanationViewModel.swift */; };
		3F90EFCD2B90A04300AC8387 /* FourMovementsViewModel.swift in Sources */ = {isa = PBXBuildFile; fileRef = 3F90EFCC2B90A04300AC8387 /* FourMovementsViewModel.swift */; };
		3F90EFCF2B90A06800AC8387 /* InstrumentViewModel.swift in Sources */ = {isa = PBXBuildFile; fileRef = 3F90EFCE2B90A06800AC8387 /* InstrumentViewModel.swift */; };
		3F90EFD12B90A08E00AC8387 /* MainMenuViewModel.swift in Sources */ = {isa = PBXBuildFile; fileRef = 3F90EFD02B90A08E00AC8387 /* MainMenuViewModel.swift */; };
		3F90EFD32B90A0E500AC8387 /* MovementViewModel.swift in Sources */ = {isa = PBXBuildFile; fileRef = 3F90EFD22B90A0E500AC8387 /* MovementViewModel.swift */; };
		3F90EFD52B90A12C00AC8387 /* AboutView.swift in Sources */ = {isa = PBXBuildFile; fileRef = 3F90EFD42B90A12C00AC8387 /* AboutView.swift */; };
		3F90EFD72B90A14A00AC8387 /* AnimationView.swift in Sources */ = {isa = PBXBuildFile; fileRef = 3F90EFD62B90A14A00AC8387 /* AnimationView.swift */; };
		3F90EFD92B90A16900AC8387 /* ChangeView.swift in Sources */ = {isa = PBXBuildFile; fileRef = 3F90EFD82B90A16900AC8387 /* ChangeView.swift */; };
		3F90EFDB2B90A18C00AC8387 /* CityView.swift in Sources */ = {isa = PBXBuildFile; fileRef = 3F90EFDA2B90A18C00AC8387 /* CityView.swift */; };
		3F90EFDD2B90A1A700AC8387 /* FinalView.swift in Sources */ = {isa = PBXBuildFile; fileRef = 3F90EFDC2B90A1A700AC8387 /* FinalView.swift */; };
		3F90EFDF2B90A1D100AC8387 /* FourMovementsView.swift in Sources */ = {isa = PBXBuildFile; fileRef = 3F90EFDE2B90A1D100AC8387 /* FourMovementsView.swift */; };
		3F90EFE12B90A1F400AC8387 /* InstrumentCardView.swift in Sources */ = {isa = PBXBuildFile; fileRef = 3F90EFE02B90A1F400AC8387 /* InstrumentCardView.swift */; };
		3F90EFE32B90A22400AC8387 /* MainMenuView.swift in Sources */ = {isa = PBXBuildFile; fileRef = 3F90EFE22B90A22400AC8387 /* MainMenuView.swift */; };
		3F90EFE52B90A23B00AC8387 /* MovementCardView.swift in Sources */ = {isa = PBXBuildFile; fileRef = 3F90EFE42B90A23B00AC8387 /* MovementCardView.swift */; };
		3F90EFE72B90A25100AC8387 /* PairView.swift in Sources */ = {isa = PBXBuildFile; fileRef = 3F90EFE62B90A25100AC8387 /* PairView.swift */; };
		3F90EFE92B90A2D200AC8387 /* ExplanationView.swift in Sources */ = {isa = PBXBuildFile; fileRef = 3F90EFE82B90A2D200AC8387 /* ExplanationView.swift */; };
		3FF2D1532B973C5100CA08B4 /* Strange Path.ttf in Resources */ = {isa = PBXBuildFile; fileRef = 3FF2D1522B973C5100CA08B4 /* Strange Path.ttf */; };
		3FF2D15B2B973F3200CA08B4 /* capoeiraMusic.mp3 in Resources */ = {isa = PBXBuildFile; fileRef = 3FF2D1542B973F3200CA08B4 /* capoeiraMusic.mp3 */; };
		3FF2D15C2B973F3200CA08B4 /* atabaqueMusic.mp3 in Resources */ = {isa = PBXBuildFile; fileRef = 3FF2D1552B973F3200CA08B4 /* atabaqueMusic.mp3 */; };
		3FF2D15D2B973F3200CA08B4 /* pandeiroMusic.mp3 in Resources */ = {isa = PBXBuildFile; fileRef = 3FF2D1562B973F3200CA08B4 /* pandeiroMusic.mp3 */; };
		3FF2D15E2B973F3200CA08B4 /* recorecoMusic.mp3 in Resources */ = {isa = PBXBuildFile; fileRef = 3FF2D1572B973F3200CA08B4 /* recorecoMusic.mp3 */; };
		3FF2D15F2B973F3200CA08B4 /* agogoMusic.mp3 in Resources */ = {isa = PBXBuildFile; fileRef = 3FF2D1582B973F3200CA08B4 /* agogoMusic.mp3 */; };
		3FF2D1602B973F3200CA08B4 /* caxixiMusic.mp3 in Resources */ = {isa = PBXBuildFile; fileRef = 3FF2D1592B973F3200CA08B4 /* caxixiMusic.mp3 */; };
		3FF2D1612B973F3200CA08B4 /* berimbauMusic.mp3 in Resources */ = {isa = PBXBuildFile; fileRef = 3FF2D15A2B973F3200CA08B4 /* berimbauMusic.mp3 */; };
/* End PBXBuildFile section */

/* Begin PBXFileReference section */
		3F90EFA82B909E8600AC8387 /* CapoEduca.app */ = {isa = PBXFileReference; explicitFileType = wrapper.application; includeInIndex = 0; path = CapoEduca.app; sourceTree = BUILT_PRODUCTS_DIR; };
		3F90EFAB2B909E8600AC8387 /* CapoEducaApp.swift */ = {isa = PBXFileReference; lastKnownFileType = sourcecode.swift; path = CapoEducaApp.swift; sourceTree = "<group>"; };
		3F90EFAD2B909E8600AC8387 /* ContentView.swift */ = {isa = PBXFileReference; lastKnownFileType = sourcecode.swift; path = ContentView.swift; sourceTree = "<group>"; };
		3F90EFAF2B909E8700AC8387 /* Assets.xcassets */ = {isa = PBXFileReference; lastKnownFileType = folder.assetcatalog; path = Assets.xcassets; sourceTree = "<group>"; };
		3F90EFB22B909E8700AC8387 /* Preview Assets.xcassets */ = {isa = PBXFileReference; lastKnownFileType = folder.assetcatalog; path = "Preview Assets.xcassets"; sourceTree = "<group>"; };
		3F90EFBE2B909F4D00AC8387 /* CapoeiraMove.swift */ = {isa = PBXFileReference; lastKnownFileType = sourcecode.swift; path = CapoeiraMove.swift; sourceTree = "<group>"; };
		3F90EFC02B909F5E00AC8387 /* Instrument.swift */ = {isa = PBXFileReference; lastKnownFileType = sourcecode.swift; path = Instrument.swift; sourceTree = "<group>"; };
		3F90EFC22B909F7600AC8387 /* Movement.swift */ = {isa = PBXFileReference; lastKnownFileType = sourcecode.swift; path = Movement.swift; sourceTree = "<group>"; };
		3F90EFC42B909FB000AC8387 /* Color.swift */ = {isa = PBXFileReference; lastKnownFileType = sourcecode.swift; path = Color.swift; sourceTree = "<group>"; };
		3F90EFC62B909FCA00AC8387 /* GlobalAudioManager.swift */ = {isa = PBXFileReference; lastKnownFileType = sourcecode.swift; path = GlobalAudioManager.swift; sourceTree = "<group>"; };
		3F90EFC82B909FED00AC8387 /* AnimationViewModel.swift */ = {isa = PBXFileReference; lastKnownFileType = sourcecode.swift; path = AnimationViewModel.swift; sourceTree = "<group>"; };
		3F90EFCA2B90A01E00AC8387 /* ExplanationViewModel.swift */ = {isa = PBXFileReference; lastKnownFileType = sourcecode.swift; path = ExplanationViewModel.swift; sourceTree = "<group>"; };
		3F90EFCC2B90A04300AC8387 /* FourMovementsViewModel.swift */ = {isa = PBXFileReference; lastKnownFileType = sourcecode.swift; path = FourMovementsViewModel.swift; sourceTree = "<group>"; };
		3F90EFCE2B90A06800AC8387 /* InstrumentViewModel.swift */ = {isa = PBXFileReference; lastKnownFileType = sourcecode.swift; path = InstrumentViewModel.swift; sourceTree = "<group>"; };
		3F90EFD02B90A08E00AC8387 /* MainMenuViewModel.swift */ = {isa = PBXFileReference; lastKnownFileType = sourcecode.swift; path = MainMenuViewModel.swift; sourceTree = "<group>"; };
		3F90EFD22B90A0E500AC8387 /* MovementViewModel.swift */ = {isa = PBXFileReference; lastKnownFileType = sourcecode.swift; path = MovementViewModel.swift; sourceTree = "<group>"; };
		3F90EFD42B90A12C00AC8387 /* AboutView.swift */ = {isa = PBXFileReference; lastKnownFileType = sourcecode.swift; path = AboutView.swift; sourceTree = "<group>"; };
		3F90EFD62B90A14A00AC8387 /* AnimationView.swift */ = {isa = PBXFileReference; lastKnownFileType = sourcecode.swift; path = AnimationView.swift; sourceTree = "<group>"; };
		3F90EFD82B90A16900AC8387 /* ChangeView.swift */ = {isa = PBXFileReference; lastKnownFileType = sourcecode.swift; path = ChangeView.swift; sourceTree = "<group>"; };
		3F90EFDA2B90A18C00AC8387 /* CityView.swift */ = {isa = PBXFileReference; lastKnownFileType = sourcecode.swift; path = CityView.swift; sourceTree = "<group>"; };
		3F90EFDC2B90A1A700AC8387 /* FinalView.swift */ = {isa = PBXFileReference; lastKnownFileType = sourcecode.swift; path = FinalView.swift; sourceTree = "<group>"; };
		3F90EFDE2B90A1D100AC8387 /* FourMovementsView.swift */ = {isa = PBXFileReference; lastKnownFileType = sourcecode.swift; path = FourMovementsView.swift; sourceTree = "<group>"; };
		3F90EFE02B90A1F400AC8387 /* InstrumentCardView.swift */ = {isa = PBXFileReference; lastKnownFileType = sourcecode.swift; path = InstrumentCardView.swift; sourceTree = "<group>"; };
		3F90EFE22B90A22400AC8387 /* MainMenuView.swift */ = {isa = PBXFileReference; lastKnownFileType = sourcecode.swift; path = MainMenuView.swift; sourceTree = "<group>"; };
		3F90EFE42B90A23B00AC8387 /* MovementCardView.swift */ = {isa = PBXFileReference; lastKnownFileType = sourcecode.swift; path = MovementCardView.swift; sourceTree = "<group>"; };
		3F90EFE62B90A25100AC8387 /* PairView.swift */ = {isa = PBXFileReference; lastKnownFileType = sourcecode.swift; path = PairView.swift; sourceTree = "<group>"; };
		3F90EFE82B90A2D200AC8387 /* ExplanationView.swift */ = {isa = PBXFileReference; lastKnownFileType = sourcecode.swift; path = ExplanationView.swift; sourceTree = "<group>"; };
		3FF2D1522B973C5100CA08B4 /* Strange Path.ttf */ = {isa = PBXFileReference; lastKnownFileType = file; path = "Strange Path.ttf"; sourceTree = "<group>"; };
		3FF2D1542B973F3200CA08B4 /* capoeiraMusic.mp3 */ = {isa = PBXFileReference; lastKnownFileType = audio.mp3; path = capoeiraMusic.mp3; sourceTree = "<group>"; };
		3FF2D1552B973F3200CA08B4 /* atabaqueMusic.mp3 */ = {isa = PBXFileReference; lastKnownFileType = audio.mp3; path = atabaqueMusic.mp3; sourceTree = "<group>"; };
		3FF2D1562B973F3200CA08B4 /* pandeiroMusic.mp3 */ = {isa = PBXFileReference; lastKnownFileType = audio.mp3; path = pandeiroMusic.mp3; sourceTree = "<group>"; };
		3FF2D1572B973F3200CA08B4 /* recorecoMusic.mp3 */ = {isa = PBXFileReference; lastKnownFileType = audio.mp3; path = recorecoMusic.mp3; sourceTree = "<group>"; };
		3FF2D1582B973F3200CA08B4 /* agogoMusic.mp3 */ = {isa = PBXFileReference; lastKnownFileType = audio.mp3; path = agogoMusic.mp3; sourceTree = "<group>"; };
		3FF2D1592B973F3200CA08B4 /* caxixiMusic.mp3 */ = {isa = PBXFileReference; lastKnownFileType = audio.mp3; path = caxixiMusic.mp3; sourceTree = "<group>"; };
		3FF2D15A2B973F3200CA08B4 /* berimbauMusic.mp3 */ = {isa = PBXFileReference; lastKnownFileType = audio.mp3; path = berimbauMusic.mp3; sourceTree = "<group>"; };
/* End PBXFileReference section */

/* Begin PBXFrameworksBuildPhase section */
		3F90EFA52B909E8600AC8387 /* Frameworks */ = {
			isa = PBXFrameworksBuildPhase;
			buildActionMask = 2147483647;
			files = (
			);
			runOnlyForDeploymentPostprocessing = 0;
		};
/* End PBXFrameworksBuildPhase section */

/* Begin PBXGroup section */
		3F90EF9F2B909E8600AC8387 = {
			isa = PBXGroup;
			children = (
				3FF2D1582B973F3200CA08B4 /* agogoMusic.mp3 */,
				3FF2D1552B973F3200CA08B4 /* atabaqueMusic.mp3 */,
				3FF2D15A2B973F3200CA08B4 /* berimbauMusic.mp3 */,
				3FF2D1592B973F3200CA08B4 /* caxixiMusic.mp3 */,
				3FF2D1542B973F3200CA08B4 /* capoeiraMusic.mp3 */,
				3FF2D1562B973F3200CA08B4 /* pandeiroMusic.mp3 */,
				3FF2D1572B973F3200CA08B4 /* recorecoMusic.mp3 */,
				3F90EFAA2B909E8600AC8387 /* CapoEduca */,
				3F90EFA92B909E8600AC8387 /* Products */,
			);
			sourceTree = "<group>";
		};
		3F90EFA92B909E8600AC8387 /* Products */ = {
			isa = PBXGroup;
			children = (
				3F90EFA82B909E8600AC8387 /* CapoEduca.app */,
			);
			name = Products;
			sourceTree = "<group>";
		};
		3F90EFAA2B909E8600AC8387 /* CapoEduca */ = {
			isa = PBXGroup;
			children = (
				3F90EFBD2B909F2200AC8387 /* Views */,
				3F90EFBC2B909F1800AC8387 /* ViewModels */,
				3F90EFBB2B909F0C00AC8387 /* Utilities */,
				3F90EFBA2B909F0100AC8387 /* Resources */,
				3F90EFB92B909EF300AC8387 /* Models */,
				3F90EFAB2B909E8600AC8387 /* CapoEducaApp.swift */,
				3F90EFAD2B909E8600AC8387 /* ContentView.swift */,
				3F90EFAF2B909E8700AC8387 /* Assets.xcassets */,
				3F90EFB12B909E8700AC8387 /* Preview Content */,
			);
			path = CapoEduca;
			sourceTree = "<group>";
		};
		3F90EFB12B909E8700AC8387 /* Preview Content */ = {
			isa = PBXGroup;
			children = (
				3F90EFB22B909E8700AC8387 /* Preview Assets.xcassets */,
			);
			path = "Preview Content";
			sourceTree = "<group>";
		};
		3F90EFB92B909EF300AC8387 /* Models */ = {
			isa = PBXGroup;
			children = (
				3F90EFBE2B909F4D00AC8387 /* CapoeiraMove.swift */,
				3F90EFC02B909F5E00AC8387 /* Instrument.swift */,
				3F90EFC22B909F7600AC8387 /* Movement.swift */,
			);
			path = Models;
			sourceTree = "<group>";
		};
		3F90EFBA2B909F0100AC8387 /* Resources */ = {
			isa = PBXGroup;
			children = (
				3FF2D1522B973C5100CA08B4 /* Strange Path.ttf */,
			);
			path = Resources;
			sourceTree = "<group>";
		};
		3F90EFBB2B909F0C00AC8387 /* Utilities */ = {
			isa = PBXGroup;
			children = (
				3F90EFC42B909FB000AC8387 /* Color.swift */,
				3F90EFC62B909FCA00AC8387 /* GlobalAudioManager.swift */,
			);
			path = Utilities;
			sourceTree = "<group>";
		};
		3F90EFBC2B909F1800AC8387 /* ViewModels */ = {
			isa = PBXGroup;
			children = (
				3F90EFC82B909FED00AC8387 /* AnimationViewModel.swift */,
				3F90EFCA2B90A01E00AC8387 /* ExplanationViewModel.swift */,
				3F90EFCC2B90A04300AC8387 /* FourMovementsViewModel.swift */,
				3F90EFCE2B90A06800AC8387 /* InstrumentViewModel.swift */,
				3F90EFD02B90A08E00AC8387 /* MainMenuViewModel.swift */,
				3F90EFD22B90A0E500AC8387 /* MovementViewModel.swift */,
			);
			path = ViewModels;
			sourceTree = "<group>";
		};
		3F90EFBD2B909F2200AC8387 /* Views */ = {
			isa = PBXGroup;
			children = (
				3F90EFD42B90A12C00AC8387 /* AboutView.swift */,
				3F90EFD62B90A14A00AC8387 /* AnimationView.swift */,
				3F90EFD82B90A16900AC8387 /* ChangeView.swift */,
				3F90EFDA2B90A18C00AC8387 /* CityView.swift */,
				3F90EFDC2B90A1A700AC8387 /* FinalView.swift */,
				3F90EFDE2B90A1D100AC8387 /* FourMovementsView.swift */,
				3F90EFE02B90A1F400AC8387 /* InstrumentCardView.swift */,
				3F90EFE22B90A22400AC8387 /* MainMenuView.swift */,
				3F90EFE42B90A23B00AC8387 /* MovementCardView.swift */,
				3F90EFE62B90A25100AC8387 /* PairView.swift */,
				3F90EFE82B90A2D200AC8387 /* ExplanationView.swift */,
			);
			path = Views;
			sourceTree = "<group>";
		};
/* End PBXGroup section */

/* Begin PBXNativeTarget section */
		3F90EFA72B909E8600AC8387 /* CapoEduca */ = {
			isa = PBXNativeTarget;
			buildConfigurationList = 3F90EFB62B909E8700AC8387 /* Build configuration list for PBXNativeTarget "CapoEduca" */;
			buildPhases = (
				3F90EFA42B909E8600AC8387 /* Sources */,
				3F90EFA52B909E8600AC8387 /* Frameworks */,
				3F90EFA62B909E8600AC8387 /* Resources */,
			);
			buildRules = (
			);
			dependencies = (
			);
			name = CapoEduca;
			productName = CapoEduca;
			productReference = 3F90EFA82B909E8600AC8387 /* CapoEduca.app */;
			productType = "com.apple.product-type.application";
		};
/* End PBXNativeTarget section */

/* Begin PBXProject section */
		3F90EFA02B909E8600AC8387 /* Project object */ = {
			isa = PBXProject;
			attributes = {
				BuildIndependentTargetsInParallel = 1;
				LastSwiftUpdateCheck = 1500;
				LastUpgradeCheck = 1500;
				TargetAttributes = {
					3F90EFA72B909E8600AC8387 = {
						CreatedOnToolsVersion = 15.0.1;
					};
				};
			};
			buildConfigurationList = 3F90EFA32B909E8600AC8387 /* Build configuration list for PBXProject "CapoEduca" */;
			compatibilityVersion = "Xcode 14.0";
			developmentRegion = en;
			hasScannedForEncodings = 0;
			knownRegions = (
				en,
				Base,
			);
			mainGroup = 3F90EF9F2B909E8600AC8387;
			productRefGroup = 3F90EFA92B909E8600AC8387 /* Products */;
			projectDirPath = "";
			projectRoot = "";
			targets = (
				3F90EFA72B909E8600AC8387 /* CapoEduca */,
			);
		};
/* End PBXProject section */

/* Begin PBXResourcesBuildPhase section */
		3F90EFA62B909E8600AC8387 /* Resources */ = {
			isa = PBXResourcesBuildPhase;
			buildActionMask = 2147483647;
			files = (
				3FF2D15D2B973F3200CA08B4 /* pandeiroMusic.mp3 in Resources */,
				3FF2D15B2B973F3200CA08B4 /* capoeiraMusic.mp3 in Resources */,
				3F90EFB32B909E8700AC8387 /* Preview Assets.xcassets in Resources */,
				3F90EFB02B909E8700AC8387 /* Assets.xcassets in Resources */,
				3FF2D15F2B973F3200CA08B4 /* agogoMusic.mp3 in Resources */,
				3FF2D1532B973C5100CA08B4 /* Strange Path.ttf in Resources */,
				3FF2D15E2B973F3200CA08B4 /* recorecoMusic.mp3 in Resources */,
				3FF2D1602B973F3200CA08B4 /* caxixiMusic.mp3 in Resources */,
				3FF2D1612B973F3200CA08B4 /* berimbauMusic.mp3 in Resources */,
				3FF2D15C2B973F3200CA08B4 /* atabaqueMusic.mp3 in Resources */,
			);
			runOnlyForDeploymentPostprocessing = 0;
		};
/* End PBXResourcesBuildPhase section */

/* Begin PBXSourcesBuildPhase section */
		3F90EFA42B909E8600AC8387 /* Sources */ = {
			isa = PBXSourcesBuildPhase;
			buildActionMask = 2147483647;
			files = (
				3F90EFE12B90A1F400AC8387 /* InstrumentCardView.swift in Sources */,
				3F90EFC12B909F5E00AC8387 /* Instrument.swift in Sources */,
				3F90EFE72B90A25100AC8387 /* PairView.swift in Sources */,
				3F90EFBF2B909F4D00AC8387 /* CapoeiraMove.swift in Sources */,
				3F90EFAE2B909E8600AC8387 /* ContentView.swift in Sources */,
				3F90EFDD2B90A1A700AC8387 /* FinalView.swift in Sources */,
				3F90EFDB2B90A18C00AC8387 /* CityView.swift in Sources */,
				3F90EFC72B909FCA00AC8387 /* GlobalAudioManager.swift in Sources */,
				3F90EFC32B909F7600AC8387 /* Movement.swift in Sources */,
				3F90EFAC2B909E8600AC8387 /* CapoEducaApp.swift in Sources */,
				3F90EFDF2B90A1D100AC8387 /* FourMovementsView.swift in Sources */,
				3F90EFD72B90A14A00AC8387 /* AnimationView.swift in Sources */,
				3F90EFC52B909FB000AC8387 /* Color.swift in Sources */,
				3F90EFCD2B90A04300AC8387 /* FourMovementsViewModel.swift in Sources */,
				3F90EFE92B90A2D200AC8387 /* ExplanationView.swift in Sources */,
				3F90EFD52B90A12C00AC8387 /* AboutView.swift in Sources */,
				3F90EFD12B90A08E00AC8387 /* MainMenuViewModel.swift in Sources */,
				3F90EFE32B90A22400AC8387 /* MainMenuView.swift in Sources */,
				3F90EFCB2B90A01E00AC8387 /* ExplanationViewModel.swift in Sources */,
				3F90EFE52B90A23B00AC8387 /* MovementCardView.swift in Sources */,
				3F90EFD92B90A16900AC8387 /* ChangeView.swift in Sources */,
				3F90EFD32B90A0E500AC8387 /* MovementViewModel.swift in Sources */,
				3F90EFC92B909FED00AC8387 /* AnimationViewModel.swift in Sources */,
				3F90EFCF2B90A06800AC8387 /* InstrumentViewModel.swift in Sources */,
			);
			runOnlyForDeploymentPostprocessing = 0;
		};
/* End PBXSourcesBuildPhase section */

/* Begin XCBuildConfiguration section */
		3F90EFB42B909E8700AC8387 /* Debug */ = {
			isa = XCBuildConfiguration;
			buildSettings = {
				ALWAYS_SEARCH_USER_PATHS = NO;
				ASSETCATALOG_COMPILER_GENERATE_SWIFT_ASSET_SYMBOL_EXTENSIONS = YES;
				CLANG_ANALYZER_NONNULL = YES;
				CLANG_ANALYZER_NUMBER_OBJECT_CONVERSION = YES_AGGRESSIVE;
				CLANG_CXX_LANGUAGE_STANDARD = "gnu++20";
				CLANG_ENABLE_MODULES = YES;
				CLANG_ENABLE_OBJC_ARC = YES;
				CLANG_ENABLE_OBJC_WEAK = YES;
				CLANG_WARN_BLOCK_CAPTURE_AUTORELEASING = YES;
				CLANG_WARN_BOOL_CONVERSION = YES;
				CLANG_WARN_COMMA = YES;
				CLANG_WARN_CONSTANT_CONVERSION = YES;
				CLANG_WARN_DEPRECATED_OBJC_IMPLEMENTATIONS = YES;
				CLANG_WARN_DIRECT_OBJC_ISA_USAGE = YES_ERROR;
				CLANG_WARN_DOCUMENTATION_COMMENTS = YES;
				CLANG_WARN_EMPTY_BODY = YES;
				CLANG_WARN_ENUM_CONVERSION = YES;
				CLANG_WARN_INFINITE_RECURSION = YES;
				CLANG_WARN_INT_CONVERSION = YES;
				CLANG_WARN_NON_LITERAL_NULL_CONVERSION = YES;
				CLANG_WARN_OBJC_IMPLICIT_RETAIN_SELF = YES;
				CLANG_WARN_OBJC_LITERAL_CONVERSION = YES;
				CLANG_WARN_OBJC_ROOT_CLASS = YES_ERROR;
				CLANG_WARN_QUOTED_INCLUDE_IN_FRAMEWORK_HEADER = YES;
				CLANG_WARN_RANGE_LOOP_ANALYSIS = YES;
				CLANG_WARN_STRICT_PROTOTYPES = YES;
				CLANG_WARN_SUSPICIOUS_MOVE = YES;
				CLANG_WARN_UNGUARDED_AVAILABILITY = YES_AGGRESSIVE;
				CLANG_WARN_UNREACHABLE_CODE = YES;
				CLANG_WARN__DUPLICATE_METHOD_MATCH = YES;
				COPY_PHASE_STRIP = NO;
				DEBUG_INFORMATION_FORMAT = dwarf;
				ENABLE_STRICT_OBJC_MSGSEND = YES;
				ENABLE_TESTABILITY = YES;
				ENABLE_USER_SCRIPT_SANDBOXING = YES;
				GCC_C_LANGUAGE_STANDARD = gnu17;
				GCC_DYNAMIC_NO_PIC = NO;
				GCC_NO_COMMON_BLOCKS = YES;
				GCC_OPTIMIZATION_LEVEL = 0;
				GCC_PREPROCESSOR_DEFINITIONS = (
					"DEBUG=1",
					"$(inherited)",
				);
				GCC_WARN_64_TO_32_BIT_CONVERSION = YES;
				GCC_WARN_ABOUT_RETURN_TYPE = YES_ERROR;
				GCC_WARN_UNDECLARED_SELECTOR = YES;
				GCC_WARN_UNINITIALIZED_AUTOS = YES_AGGRESSIVE;
				GCC_WARN_UNUSED_FUNCTION = YES;
				GCC_WARN_UNUSED_VARIABLE = YES;
				IPHONEOS_DEPLOYMENT_TARGET = 16.0;
				LOCALIZATION_PREFERS_STRING_CATALOGS = YES;
				MTL_ENABLE_DEBUG_INFO = INCLUDE_SOURCE;
				MTL_FAST_MATH = YES;
				ONLY_ACTIVE_ARCH = YES;
				SDKROOT = iphoneos;
				SWIFT_ACTIVE_COMPILATION_CONDITIONS = "DEBUG $(inherited)";
				SWIFT_OPTIMIZATION_LEVEL = "-Onone";
			};
			name = Debug;
		};
		3F90EFB52B909E8700AC8387 /* Release */ = {
			isa = XCBuildConfiguration;
			buildSettings = {
				ALWAYS_SEARCH_USER_PATHS = NO;
				ASSETCATALOG_COMPILER_GENERATE_SWIFT_ASSET_SYMBOL_EXTENSIONS = YES;
				CLANG_ANALYZER_NONNULL = YES;
				CLANG_ANALYZER_NUMBER_OBJECT_CONVERSION = YES_AGGRESSIVE;
				CLANG_CXX_LANGUAGE_STANDARD = "gnu++20";
				CLANG_ENABLE_MODULES = YES;
				CLANG_ENABLE_OBJC_ARC = YES;
				CLANG_ENABLE_OBJC_WEAK = YES;
				CLANG_WARN_BLOCK_CAPTURE_AUTORELEASING = YES;
				CLANG_WARN_BOOL_CONVERSION = YES;
				CLANG_WARN_COMMA = YES;
				CLANG_WARN_CONSTANT_CONVERSION = YES;
				CLANG_WARN_DEPRECATED_OBJC_IMPLEMENTATIONS = YES;
				CLANG_WARN_DIRECT_OBJC_ISA_USAGE = YES_ERROR;
				CLANG_WARN_DOCUMENTATION_COMMENTS = YES;
				CLANG_WARN_EMPTY_BODY = YES;
				CLANG_WARN_ENUM_CONVERSION = YES;
				CLANG_WARN_INFINITE_RECURSION = YES;
				CLANG_WARN_INT_CONVERSION = YES;
				CLANG_WARN_NON_LITERAL_NULL_CONVERSION = YES;
				CLANG_WARN_OBJC_IMPLICIT_RETAIN_SELF = YES;
				CLANG_WARN_OBJC_LITERAL_CONVERSION = YES;
				CLANG_WARN_OBJC_ROOT_CLASS = YES_ERROR;
				CLANG_WARN_QUOTED_INCLUDE_IN_FRAMEWORK_HEADER = YES;
				CLANG_WARN_RANGE_LOOP_ANALYSIS = YES;
				CLANG_WARN_STRICT_PROTOTYPES = YES;
				CLANG_WARN_SUSPICIOUS_MOVE = YES;
				CLANG_WARN_UNGUARDED_AVAILABILITY = YES_AGGRESSIVE;
				CLANG_WARN_UNREACHABLE_CODE = YES;
				CLANG_WARN__DUPLICATE_METHOD_MATCH = YES;
				COPY_PHASE_STRIP = NO;
				DEBUG_INFORMATION_FORMAT = "dwarf-with-dsym";
				ENABLE_NS_ASSERTIONS = NO;
				ENABLE_STRICT_OBJC_MSGSEND = YES;
				ENABLE_USER_SCRIPT_SANDBOXING = YES;
				GCC_C_LANGUAGE_STANDARD = gnu17;
				GCC_NO_COMMON_BLOCKS = YES;
				GCC_WARN_64_TO_32_BIT_CONVERSION = YES;
				GCC_WARN_ABOUT_RETURN_TYPE = YES_ERROR;
				GCC_WARN_UNDECLARED_SELECTOR = YES;
				GCC_WARN_UNINITIALIZED_AUTOS = YES_AGGRESSIVE;
				GCC_WARN_UNUSED_FUNCTION = YES;
				GCC_WARN_UNUSED_VARIABLE = YES;
				IPHONEOS_DEPLOYMENT_TARGET = 16.0;
				LOCALIZATION_PREFERS_STRING_CATALOGS = YES;
				MTL_ENABLE_DEBUG_INFO = NO;
				MTL_FAST_MATH = YES;
				SDKROOT = iphoneos;
				SWIFT_COMPILATION_MODE = wholemodule;
				VALIDATE_PRODUCT = YES;
			};
			name = Release;
		};
		3F90EFB72B909E8700AC8387 /* Debug */ = {
			isa = XCBuildConfiguration;
			buildSettings = {
				ASSETCATALOG_COMPILER_APPICON_NAME = AppIcon;
				ASSETCATALOG_COMPILER_GLOBAL_ACCENT_COLOR_NAME = AccentColor;
				CODE_SIGN_IDENTITY = "Apple Development";
				CODE_SIGN_STYLE = Automatic;
				CURRENT_PROJECT_VERSION = 1;
				DEVELOPMENT_ASSET_PATHS = "\"CapoEduca/Preview Content\"";
				DEVELOPMENT_TEAM = J7T48SP5FT;
				ENABLE_PREVIEWS = YES;
				GENERATE_INFOPLIST_FILE = YES;
				INFOPLIST_KEY_CFBundleDisplayName = CapoEduca;
				INFOPLIST_KEY_LSApplicationCategoryType = "public.app-category.education";
				INFOPLIST_KEY_UIApplicationSceneManifest_Generation = YES;
				INFOPLIST_KEY_UIApplicationSupportsIndirectInputEvents = YES;
				INFOPLIST_KEY_UILaunchScreen_Generation = YES;
				INFOPLIST_KEY_UISupportedInterfaceOrientations = UIInterfaceOrientationPortrait;
				INFOPLIST_KEY_UISupportedInterfaceOrientations_iPad = "UIInterfaceOrientationLandscapeLeft UIInterfaceOrientationLandscapeRight UIInterfaceOrientationPortrait UIInterfaceOrientationPortraitUpsideDown";
				IPHONEOS_DEPLOYMENT_TARGET = 16.0;
				LD_RUNPATH_SEARCH_PATHS = (
					"$(inherited)",
					"@executable_path/Frameworks",
				);
				MARKETING_VERSION = 1.0;
				PRODUCT_BUNDLE_IDENTIFIER = com.sil.CapoEduca;
				PRODUCT_NAME = "$(TARGET_NAME)";
				PROVISIONING_PROFILE_SPECIFIER = "";
				SUPPORTED_PLATFORMS = "iphoneos iphonesimulator";
				SUPPORTS_MACCATALYST = NO;
				SWIFT_EMIT_LOC_STRINGS = YES;
				SWIFT_VERSION = 5.0;
				TARGETED_DEVICE_FAMILY = 1;
			};
			name = Debug;
		};
		3F90EFB82B909E8700AC8387 /* Release */ = {
			isa = XCBuildConfiguration;
			buildSettings = {
				ASSETCATALOG_COMPILER_APPICON_NAME = AppIcon;
				ASSETCATALOG_COMPILER_GLOBAL_ACCENT_COLOR_NAME = AccentColor;
				CODE_SIGN_IDENTITY = "Apple Development";
				CODE_SIGN_STYLE = Automatic;
				CURRENT_PROJECT_VERSION = 1;
				DEVELOPMENT_ASSET_PATHS = "\"CapoEduca/Preview Content\"";
				DEVELOPMENT_TEAM = J7T48SP5FT;
				ENABLE_PREVIEWS = YES;
				GENERATE_INFOPLIST_FILE = YES;
				INFOPLIST_KEY_CFBundleDisplayName = CapoEduca;
				INFOPLIST_KEY_LSApplicationCategoryType = "public.app-category.education";
				INFOPLIST_KEY_UIApplicationSceneManifest_Generation = YES;
				INFOPLIST_KEY_UIApplicationSupportsIndirectInputEvents = YES;
				INFOPLIST_KEY_UILaunchScreen_Generation = YES;
				INFOPLIST_KEY_UISupportedInterfaceOrientations = UIInterfaceOrientationPortrait;
				INFOPLIST_KEY_UISupportedInterfaceOrientations_iPad = "UIInterfaceOrientationLandscapeLeft UIInterfaceOrientationLandscapeRight UIInterfaceOrientationPortrait UIInterfaceOrientationPortraitUpsideDown";
				IPHONEOS_DEPLOYMENT_TARGET = 16.0;
				LD_RUNPATH_SEARCH_PATHS = (
					"$(inherited)",
					"@executable_path/Frameworks",
				);
				MARKETING_VERSION = 1.0;
				PRODUCT_BUNDLE_IDENTIFIER = com.sil.CapoEduca;
				PRODUCT_NAME = "$(TARGET_NAME)";
				PROVISIONING_PROFILE_SPECIFIER = "";
				SUPPORTED_PLATFORMS = "iphoneos iphonesimulator";
				SUPPORTS_MACCATALYST = NO;
				SWIFT_EMIT_LOC_STRINGS = YES;
				SWIFT_VERSION = 5.0;
				TARGETED_DEVICE_FAMILY = 1;
			};
			name = Release;
		};
/* End XCBuildConfiguration section */

/* Begin XCConfigurationList section */
		3F90EFA32B909E8600AC8387 /* Build configuration list for PBXProject "CapoEduca" */ = {
			isa = XCConfigurationList;
			buildConfigurations = (
				3F90EFB42B909E8700AC8387 /* Debug */,
				3F90EFB52B909E8700AC8387 /* Release */,
			);
			defaultConfigurationIsVisible = 0;
			defaultConfigurationName = Release;
		};
		3F90EFB62B909E8700AC8387 /* Build configuration list for PBXNativeTarget "CapoEduca" */ = {
			isa = XCConfigurationList;
			buildConfigurations = (
				3F90EFB72B909E8700AC8387 /* Debug */,
				3F90EFB82B909E8700AC8387 /* Release */,
			);
			defaultConfigurationIsVisible = 0;
			defaultConfigurationName = Release;
		};
/* End XCConfigurationList section */
	};
	rootObject = 3F90EFA02B909E8600AC8387 /* Project object */;
}
